// !$*UTF8*$!
{
	archiveVersion = 1;
	classes = {
	};
	objectVersion = 46;
	objects = {

/* Begin PBXBuildFile section */
		DA0C094B174177D90023FC61 /* UIKit.framework in Frameworks */ = {isa = PBXBuildFile; fileRef = DA0C094A174177D90023FC61 /* UIKit.framework */; };
		DA0C094D174177DA0023FC61 /* Foundation.framework in Frameworks */ = {isa = PBXBuildFile; fileRef = DA0C094C174177D90023FC61 /* Foundation.framework */; };
		DA0C094F174177DA0023FC61 /* CoreGraphics.framework in Frameworks */ = {isa = PBXBuildFile; fileRef = DA0C094E174177DA0023FC61 /* CoreGraphics.framework */; };
		DA0C0955174177DA0023FC61 /* InfoPlist.strings in Resources */ = {isa = PBXBuildFile; fileRef = DA0C0953174177DA0023FC61 /* InfoPlist.strings */; };
		DA0C0957174177DA0023FC61 /* main.m in Sources */ = {isa = PBXBuildFile; fileRef = DA0C0956174177DA0023FC61 /* main.m */; };
		DA0C095B174177DA0023FC61 /* TIAppDelegate.m in Sources */ = {isa = PBXBuildFile; fileRef = DA0C095A174177DA0023FC61 /* TIAppDelegate.m */; };
		DA0C095D174177DA0023FC61 /* Default.png in Resources */ = {isa = PBXBuildFile; fileRef = DA0C095C174177DA0023FC61 /* Default.png */; };
		DA0C095F174177DA0023FC61 /* Default@2x.png in Resources */ = {isa = PBXBuildFile; fileRef = DA0C095E174177DA0023FC61 /* Default@2x.png */; };
		DA0C0961174177DA0023FC61 /* Default-568h@2x.png in Resources */ = {isa = PBXBuildFile; fileRef = DA0C0960174177DA0023FC61 /* Default-568h@2x.png */; };
		DA0C0964174177DA0023FC61 /* MainStoryboard_iPhone.storyboard in Resources */ = {isa = PBXBuildFile; fileRef = DA0C0962174177DA0023FC61 /* MainStoryboard_iPhone.storyboard */; };
		DA0C0967174177DA0023FC61 /* MainStoryboard_iPad.storyboard in Resources */ = {isa = PBXBuildFile; fileRef = DA0C0965174177DA0023FC61 /* MainStoryboard_iPad.storyboard */; };
		DA1CEF751758ACE500D1BA40 /* TIPostInstructionViewController.m in Sources */ = {isa = PBXBuildFile; fileRef = DA1CEF741758ACE500D1BA40 /* TIPostInstructionViewController.m */; };
		DA1CEF781758ACF700D1BA40 /* TIPreInstructionViewController.m in Sources */ = {isa = PBXBuildFile; fileRef = DA1CEF771758ACF700D1BA40 /* TIPreInstructionViewController.m */; };
		DA317131174DEE8A009C6AA7 /* icon57.png in Resources */ = {isa = PBXBuildFile; fileRef = DA317130174DEE8A009C6AA7 /* icon57.png */; };
		DA317133174DEE8D009C6AA7 /* icon114.png in Resources */ = {isa = PBXBuildFile; fileRef = DA317132174DEE8D009C6AA7 /* icon114.png */; };
		DA317137174DF5DC009C6AA7 /* example01.wav in Resources */ = {isa = PBXBuildFile; fileRef = DA317134174DF5DC009C6AA7 /* example01.wav */; };
		DA317138174DF5DC009C6AA7 /* example02.wav in Resources */ = {isa = PBXBuildFile; fileRef = DA317135174DF5DC009C6AA7 /* example02.wav */; };
		DA317139174DF5DC009C6AA7 /* example03.wav in Resources */ = {isa = PBXBuildFile; fileRef = DA317136174DF5DC009C6AA7 /* example03.wav */; };
		DA31713C174DFA31009C6AA7 /* TITaskManager.m in Sources */ = {isa = PBXBuildFile; fileRef = DA31713B174DFA31009C6AA7 /* TITaskManager.m */; };
		DA317144174DFD23009C6AA7 /* CSVParser.m in Sources */ = {isa = PBXBuildFile; fileRef = DA317143174DFD23009C6AA7 /* CSVParser.m */; settings = {COMPILER_FLAGS = "-fno-objc-arc"; }; };
		DA4A25AC17576F9400E6A2ED /* TIFileManager.m in Sources */ = {isa = PBXBuildFile; fileRef = DA4A25AB17576F9400E6A2ED /* TIFileManager.m */; };
		DA9B155717516B1800E8B39C /* TIAudio.mm in Sources */ = {isa = PBXBuildFile; fileRef = DA9B155617516B1800E8B39C /* TIAudio.mm */; };
		DAC9BF201759713E003204DF /* TICueAudioViewController.m in Sources */ = {isa = PBXBuildFile; fileRef = DAC9BF1F1759713E003204DF /* TICueAudioViewController.m */; };
		DACE18B31741A078004294B9 /* TIConsentViewController.m in Sources */ = {isa = PBXBuildFile; fileRef = DACE18B21741A078004294B9 /* TIConsentViewController.m */; };
		DACE18B61741A095004294B9 /* TITaskViewController.mm in Sources */ = {isa = PBXBuildFile; fileRef = DACE18B51741A095004294B9 /* TITaskViewController.mm */; };
		DACE18B91741A0B1004294B9 /* TIEndTaskViewController.m in Sources */ = {isa = PBXBuildFile; fileRef = DACE18B81741A0B1004294B9 /* TIEndTaskViewController.m */; };
		DACE18BC1741A0C7004294B9 /* TISettingsViewController.m in Sources */ = {isa = PBXBuildFile; fileRef = DACE18BB1741A0C7004294B9 /* TISettingsViewController.m */; };
		DACE18BF1741A0DD004294B9 /* TITrackListViewController.m in Sources */ = {isa = PBXBuildFile; fileRef = DACE18BE1741A0DD004294B9 /* TITrackListViewController.m */; };
		DACE18D41741A8C3004294B9 /* FileRead.cpp in Sources */ = {isa = PBXBuildFile; fileRef = DACE18C81741A892004294B9 /* FileRead.cpp */; };
		DACE18D51741A8C3004294B9 /* FileWrite.cpp in Sources */ = {isa = PBXBuildFile; fileRef = DACE18CA1741A892004294B9 /* FileWrite.cpp */; };
		DACE18D61741A8C3004294B9 /* FileWvIn.cpp in Sources */ = {isa = PBXBuildFile; fileRef = DACE18CC1741A892004294B9 /* FileWvIn.cpp */; };
		DACE18D71741A8C3004294B9 /* FileWvOut.cpp in Sources */ = {isa = PBXBuildFile; fileRef = DACE18CE1741A892004294B9 /* FileWvOut.cpp */; };
		DACE18D81741A8C3004294B9 /* Stk.mm in Sources */ = {isa = PBXBuildFile; fileRef = DACE18D11741A892004294B9 /* Stk.mm */; };
		DACE18D91741A8C3004294B9 /* mo_audio.mm in Sources */ = {isa = PBXBuildFile; fileRef = DACE18C51741A86F004294B9 /* mo_audio.mm */; };
		DACE18DB1741A8FD004294B9 /* AudioToolbox.framework in Frameworks */ = {isa = PBXBuildFile; fileRef = DACE18DA1741A8FD004294B9 /* AudioToolbox.framework */; };
		DAE92B771762B2E200A009C4 /* example_cue.wav in Resources */ = {isa = PBXBuildFile; fileRef = DAE92B761762B2E200A009C4 /* example_cue.wav */; };
/* End PBXBuildFile section */

/* Begin PBXFileReference section */
		DA0C0947174177D90023FC61 /* TapIt.app */ = {isa = PBXFileReference; explicitFileType = wrapper.application; includeInIndex = 0; path = TapIt.app; sourceTree = BUILT_PRODUCTS_DIR; };
		DA0C094A174177D90023FC61 /* UIKit.framework */ = {isa = PBXFileReference; lastKnownFileType = wrapper.framework; name = UIKit.framework; path = System/Library/Frameworks/UIKit.framework; sourceTree = SDKROOT; };
		DA0C094C174177D90023FC61 /* Foundation.framework */ = {isa = PBXFileReference; lastKnownFileType = wrapper.framework; name = Foundation.framework; path = System/Library/Frameworks/Foundation.framework; sourceTree = SDKROOT; };
		DA0C094E174177DA0023FC61 /* CoreGraphics.framework */ = {isa = PBXFileReference; lastKnownFileType = wrapper.framework; name = CoreGraphics.framework; path = System/Library/Frameworks/CoreGraphics.framework; sourceTree = SDKROOT; };
		DA0C0952174177DA0023FC61 /* TapIt-Info.plist */ = {isa = PBXFileReference; lastKnownFileType = text.plist.xml; path = "TapIt-Info.plist"; sourceTree = "<group>"; };
		DA0C0954174177DA0023FC61 /* en */ = {isa = PBXFileReference; lastKnownFileType = text.plist.strings; name = en; path = en.lproj/InfoPlist.strings; sourceTree = "<group>"; };
		DA0C0956174177DA0023FC61 /* main.m */ = {isa = PBXFileReference; lastKnownFileType = sourcecode.c.objc; path = main.m; sourceTree = "<group>"; };
		DA0C0958174177DA0023FC61 /* TapIt-Prefix.pch */ = {isa = PBXFileReference; lastKnownFileType = sourcecode.c.h; path = "TapIt-Prefix.pch"; sourceTree = "<group>"; };
		DA0C0959174177DA0023FC61 /* TIAppDelegate.h */ = {isa = PBXFileReference; lastKnownFileType = sourcecode.c.h; path = TIAppDelegate.h; sourceTree = "<group>"; };
		DA0C095A174177DA0023FC61 /* TIAppDelegate.m */ = {isa = PBXFileReference; lastKnownFileType = sourcecode.c.objc; path = TIAppDelegate.m; sourceTree = "<group>"; };
		DA0C095C174177DA0023FC61 /* Default.png */ = {isa = PBXFileReference; lastKnownFileType = image.png; path = Default.png; sourceTree = "<group>"; };
		DA0C095E174177DA0023FC61 /* Default@2x.png */ = {isa = PBXFileReference; lastKnownFileType = image.png; path = "Default@2x.png"; sourceTree = "<group>"; };
		DA0C0960174177DA0023FC61 /* Default-568h@2x.png */ = {isa = PBXFileReference; lastKnownFileType = image.png; path = "Default-568h@2x.png"; sourceTree = "<group>"; };
		DA0C0963174177DA0023FC61 /* en */ = {isa = PBXFileReference; lastKnownFileType = file.storyboard; name = en; path = en.lproj/MainStoryboard_iPhone.storyboard; sourceTree = "<group>"; };
		DA0C0966174177DA0023FC61 /* en */ = {isa = PBXFileReference; lastKnownFileType = file.storyboard; name = en; path = en.lproj/MainStoryboard_iPad.storyboard; sourceTree = "<group>"; };
		DA1CEF731758ACE500D1BA40 /* TIPostInstructionViewController.h */ = {isa = PBXFileReference; fileEncoding = 4; lastKnownFileType = sourcecode.c.h; path = TIPostInstructionViewController.h; sourceTree = "<group>"; };
		DA1CEF741758ACE500D1BA40 /* TIPostInstructionViewController.m */ = {isa = PBXFileReference; fileEncoding = 4; lastKnownFileType = sourcecode.c.objc; path = TIPostInstructionViewController.m; sourceTree = "<group>"; };
		DA1CEF761758ACF700D1BA40 /* TIPreInstructionViewController.h */ = {isa = PBXFileReference; fileEncoding = 4; lastKnownFileType = sourcecode.c.h; path = TIPreInstructionViewController.h; sourceTree = "<group>"; };
		DA1CEF771758ACF700D1BA40 /* TIPreInstructionViewController.m */ = {isa = PBXFileReference; fileEncoding = 4; lastKnownFileType = sourcecode.c.objc; path = TIPreInstructionViewController.m; sourceTree = "<group>"; };
		DA317130174DEE8A009C6AA7 /* icon57.png */ = {isa = PBXFileReference; lastKnownFileType = image.png; name = icon57.png; path = ../icon57.png; sourceTree = "<group>"; };
		DA317132174DEE8D009C6AA7 /* icon114.png */ = {isa = PBXFileReference; lastKnownFileType = image.png; name = icon114.png; path = ../icon114.png; sourceTree = "<group>"; };
		DA317134174DF5DC009C6AA7 /* example01.wav */ = {isa = PBXFileReference; lastKnownFileType = audio.wav; name = example01.wav; path = Trial/example01.wav; sourceTree = SOURCE_ROOT; };
		DA317135174DF5DC009C6AA7 /* example02.wav */ = {isa = PBXFileReference; lastKnownFileType = audio.wav; name = example02.wav; path = Trial/example02.wav; sourceTree = SOURCE_ROOT; };
		DA317136174DF5DC009C6AA7 /* example03.wav */ = {isa = PBXFileReference; lastKnownFileType = audio.wav; name = example03.wav; path = Trial/example03.wav; sourceTree = SOURCE_ROOT; };
		DA31713A174DFA31009C6AA7 /* TITaskManager.h */ = {isa = PBXFileReference; fileEncoding = 4; lastKnownFileType = sourcecode.c.h; path = TITaskManager.h; sourceTree = "<group>"; };
		DA31713B174DFA31009C6AA7 /* TITaskManager.m */ = {isa = PBXFileReference; fileEncoding = 4; lastKnownFileType = sourcecode.c.objc; path = TITaskManager.m; sourceTree = "<group>"; };
		DA317142174DFD23009C6AA7 /* CSVParser.h */ = {isa = PBXFileReference; fileEncoding = 4; lastKnownFileType = sourcecode.c.h; path = CSVParser.h; sourceTree = "<group>"; };
		DA317143174DFD23009C6AA7 /* CSVParser.m */ = {isa = PBXFileReference; fileEncoding = 4; lastKnownFileType = sourcecode.c.objc; path = CSVParser.m; sourceTree = "<group>"; };
		DA4A25AA17576F9400E6A2ED /* TIFileManager.h */ = {isa = PBXFileReference; fileEncoding = 4; lastKnownFileType = sourcecode.c.h; path = TIFileManager.h; sourceTree = "<group>"; };
		DA4A25AB17576F9400E6A2ED /* TIFileManager.m */ = {isa = PBXFileReference; fileEncoding = 4; lastKnownFileType = sourcecode.c.objc; path = TIFileManager.m; sourceTree = "<group>"; };
		DA9B155517516B1800E8B39C /* TIAudio.h */ = {isa = PBXFileReference; fileEncoding = 4; lastKnownFileType = sourcecode.c.h; path = TIAudio.h; sourceTree = "<group>"; };
		DA9B155617516B1800E8B39C /* TIAudio.mm */ = {isa = PBXFileReference; fileEncoding = 4; lastKnownFileType = sourcecode.cpp.objcpp; path = TIAudio.mm; sourceTree = "<group>"; };
		DAC22B61175D472B00AA6E4E /* TIDefaults.h */ = {isa = PBXFileReference; lastKnownFileType = sourcecode.c.h; path = TIDefaults.h; sourceTree = "<group>"; };
		DAC9BF1E1759713E003204DF /* TICueAudioViewController.h */ = {isa = PBXFileReference; fileEncoding = 4; lastKnownFileType = sourcecode.c.h; path = TICueAudioViewController.h; sourceTree = "<group>"; };
		DAC9BF1F1759713E003204DF /* TICueAudioViewController.m */ = {isa = PBXFileReference; fileEncoding = 4; lastKnownFileType = sourcecode.c.objc; path = TICueAudioViewController.m; sourceTree = "<group>"; };
		DACE18B11741A078004294B9 /* TIConsentViewController.h */ = {isa = PBXFileReference; fileEncoding = 4; lastKnownFileType = sourcecode.c.h; path = TIConsentViewController.h; sourceTree = "<group>"; };
		DACE18B21741A078004294B9 /* TIConsentViewController.m */ = {isa = PBXFileReference; fileEncoding = 4; lastKnownFileType = sourcecode.c.objc; path = TIConsentViewController.m; sourceTree = "<group>"; };
		DACE18B41741A095004294B9 /* TITaskViewController.h */ = {isa = PBXFileReference; fileEncoding = 4; lastKnownFileType = sourcecode.c.h; path = TITaskViewController.h; sourceTree = "<group>"; };
		DACE18B51741A095004294B9 /* TITaskViewController.mm */ = {isa = PBXFileReference; fileEncoding = 4; lastKnownFileType = sourcecode.cpp.objcpp; path = TITaskViewController.mm; sourceTree = "<group>"; };
		DACE18B71741A0B1004294B9 /* TIEndTaskViewController.h */ = {isa = PBXFileReference; fileEncoding = 4; lastKnownFileType = sourcecode.c.h; path = TIEndTaskViewController.h; sourceTree = "<group>"; };
		DACE18B81741A0B1004294B9 /* TIEndTaskViewController.m */ = {isa = PBXFileReference; fileEncoding = 4; lastKnownFileType = sourcecode.c.objc; path = TIEndTaskViewController.m; sourceTree = "<group>"; };
		DACE18BA1741A0C7004294B9 /* TISettingsViewController.h */ = {isa = PBXFileReference; fileEncoding = 4; lastKnownFileType = sourcecode.c.h; path = TISettingsViewController.h; sourceTree = "<group>"; };
		DACE18BB1741A0C7004294B9 /* TISettingsViewController.m */ = {isa = PBXFileReference; fileEncoding = 4; lastKnownFileType = sourcecode.c.objc; path = TISettingsViewController.m; sourceTree = "<group>"; };
		DACE18BD1741A0DD004294B9 /* TITrackListViewController.h */ = {isa = PBXFileReference; fileEncoding = 4; lastKnownFileType = sourcecode.c.h; path = TITrackListViewController.h; sourceTree = "<group>"; };
		DACE18BE1741A0DD004294B9 /* TITrackListViewController.m */ = {isa = PBXFileReference; fileEncoding = 4; lastKnownFileType = sourcecode.c.objc; path = TITrackListViewController.m; sourceTree = "<group>"; };
		DACE18C41741A86F004294B9 /* mo_audio.h */ = {isa = PBXFileReference; lastKnownFileType = sourcecode.c.h; name = mo_audio.h; path = Ext/MoMu/mo_audio.h; sourceTree = SOURCE_ROOT; };
		DACE18C51741A86F004294B9 /* mo_audio.mm */ = {isa = PBXFileReference; lastKnownFileType = sourcecode.cpp.objcpp; name = mo_audio.mm; path = Ext/MoMu/mo_audio.mm; sourceTree = SOURCE_ROOT; };
		DACE18C71741A880004294B9 /* mo_def.h */ = {isa = PBXFileReference; lastKnownFileType = sourcecode.c.h; name = mo_def.h; path = Ext/MoMu/mo_def.h; sourceTree = SOURCE_ROOT; };
		DACE18C81741A892004294B9 /* FileRead.cpp */ = {isa = PBXFileReference; lastKnownFileType = sourcecode.cpp.cpp; name = FileRead.cpp; path = Ext/Stk/FileRead.cpp; sourceTree = SOURCE_ROOT; };
		DACE18C91741A892004294B9 /* FileRead.h */ = {isa = PBXFileReference; lastKnownFileType = sourcecode.c.h; name = FileRead.h; path = Ext/Stk/FileRead.h; sourceTree = SOURCE_ROOT; };
		DACE18CA1741A892004294B9 /* FileWrite.cpp */ = {isa = PBXFileReference; lastKnownFileType = sourcecode.cpp.cpp; name = FileWrite.cpp; path = Ext/Stk/FileWrite.cpp; sourceTree = SOURCE_ROOT; };
		DACE18CB1741A892004294B9 /* FileWrite.h */ = {isa = PBXFileReference; lastKnownFileType = sourcecode.c.h; name = FileWrite.h; path = Ext/Stk/FileWrite.h; sourceTree = SOURCE_ROOT; };
		DACE18CC1741A892004294B9 /* FileWvIn.cpp */ = {isa = PBXFileReference; lastKnownFileType = sourcecode.cpp.cpp; name = FileWvIn.cpp; path = Ext/Stk/FileWvIn.cpp; sourceTree = SOURCE_ROOT; };
		DACE18CD1741A892004294B9 /* FileWvIn.h */ = {isa = PBXFileReference; lastKnownFileType = sourcecode.c.h; name = FileWvIn.h; path = Ext/Stk/FileWvIn.h; sourceTree = SOURCE_ROOT; };
		DACE18CE1741A892004294B9 /* FileWvOut.cpp */ = {isa = PBXFileReference; lastKnownFileType = sourcecode.cpp.cpp; name = FileWvOut.cpp; path = Ext/Stk/FileWvOut.cpp; sourceTree = SOURCE_ROOT; };
		DACE18CF1741A892004294B9 /* FileWvOut.h */ = {isa = PBXFileReference; lastKnownFileType = sourcecode.c.h; name = FileWvOut.h; path = Ext/Stk/FileWvOut.h; sourceTree = SOURCE_ROOT; };
		DACE18D01741A892004294B9 /* Stk.h */ = {isa = PBXFileReference; lastKnownFileType = sourcecode.c.h; name = Stk.h; path = Ext/Stk/Stk.h; sourceTree = SOURCE_ROOT; };
		DACE18D11741A892004294B9 /* Stk.mm */ = {isa = PBXFileReference; lastKnownFileType = sourcecode.cpp.objcpp; name = Stk.mm; path = Ext/Stk/Stk.mm; sourceTree = SOURCE_ROOT; };
		DACE18D21741A892004294B9 /* WvIn.h */ = {isa = PBXFileReference; lastKnownFileType = sourcecode.c.h; name = WvIn.h; path = Ext/Stk/WvIn.h; sourceTree = SOURCE_ROOT; };
		DACE18D31741A892004294B9 /* WvOut.h */ = {isa = PBXFileReference; lastKnownFileType = sourcecode.c.h; name = WvOut.h; path = Ext/Stk/WvOut.h; sourceTree = SOURCE_ROOT; };
		DACE18DA1741A8FD004294B9 /* AudioToolbox.framework */ = {isa = PBXFileReference; lastKnownFileType = wrapper.framework; name = AudioToolbox.framework; path = System/Library/Frameworks/AudioToolbox.framework; sourceTree = SDKROOT; };
		DAE92B761762B2E200A009C4 /* example_cue.wav */ = {isa = PBXFileReference; lastKnownFileType = audio.wav; name = example_cue.wav; path = Trial/example_cue.wav; sourceTree = SOURCE_ROOT; };
/* End PBXFileReference section */

/* Begin PBXFrameworksBuildPhase section */
		DA0C0944174177D90023FC61 /* Frameworks */ = {
			isa = PBXFrameworksBuildPhase;
			buildActionMask = 2147483647;
			files = (
				DACE18DB1741A8FD004294B9 /* AudioToolbox.framework in Frameworks */,
				DA0C094B174177D90023FC61 /* UIKit.framework in Frameworks */,
				DA0C094D174177DA0023FC61 /* Foundation.framework in Frameworks */,
				DA0C094F174177DA0023FC61 /* CoreGraphics.framework in Frameworks */,
			);
			runOnlyForDeploymentPostprocessing = 0;
		};
/* End PBXFrameworksBuildPhase section */

/* Begin PBXGroup section */
		DA0C093E174177D90023FC61 = {
			isa = PBXGroup;
			children = (
				DA0C0950174177DA0023FC61 /* TapIt */,
				DA0C0949174177D90023FC61 /* Frameworks */,
				DA0C0948174177D90023FC61 /* Products */,
			);
			sourceTree = "<group>";
		};
		DA0C0948174177D90023FC61 /* Products */ = {
			isa = PBXGroup;
			children = (
				DA0C0947174177D90023FC61 /* TapIt.app */,
			);
			name = Products;
			sourceTree = "<group>";
		};
		DA0C0949174177D90023FC61 /* Frameworks */ = {
			isa = PBXGroup;
			children = (
				DACE18DA1741A8FD004294B9 /* AudioToolbox.framework */,
				DA0C094A174177D90023FC61 /* UIKit.framework */,
				DA0C094C174177D90023FC61 /* Foundation.framework */,
				DA0C094E174177DA0023FC61 /* CoreGraphics.framework */,
			);
			name = Frameworks;
			sourceTree = "<group>";
		};
		DA0C0950174177DA0023FC61 /* TapIt */ = {
			isa = PBXGroup;
			children = (
				DAC22B62175D495400AA6E4E /* Task */,
				DACE18C11741A67F004294B9 /* Audio */,
				DACE18B01741A01D004294B9 /* iPad */,
				DACE18AF17419F8B004294B9 /* iPhone */,
				DA0C0959174177DA0023FC61 /* TIAppDelegate.h */,
				DA0C095A174177DA0023FC61 /* TIAppDelegate.m */,
				DAC22B61175D472B00AA6E4E /* TIDefaults.h */,
				DACE18C21741A68B004294B9 /* Ext */,
				DACE18DC1741A945004294B9 /* Example */,
				DA0C0970174178770023FC61 /* Resources */,
				DA0C0951174177DA0023FC61 /* Supporting Files */,
			);
			path = TapIt;
			sourceTree = "<group>";
		};
		DA0C0951174177DA0023FC61 /* Supporting Files */ = {
			isa = PBXGroup;
			children = (
				DA0C0952174177DA0023FC61 /* TapIt-Info.plist */,
				DA0C0953174177DA0023FC61 /* InfoPlist.strings */,
				DA0C0956174177DA0023FC61 /* main.m */,
				DA0C0958174177DA0023FC61 /* TapIt-Prefix.pch */,
				DA0C095C174177DA0023FC61 /* Default.png */,
				DA0C095E174177DA0023FC61 /* Default@2x.png */,
				DA0C0960174177DA0023FC61 /* Default-568h@2x.png */,
			);
			name = "Supporting Files";
			sourceTree = "<group>";
		};
		DA0C0970174178770023FC61 /* Resources */ = {
			isa = PBXGroup;
			children = (
				DA317132174DEE8D009C6AA7 /* icon114.png */,
				DA317130174DEE8A009C6AA7 /* icon57.png */,
				DA0C0962174177DA0023FC61 /* MainStoryboard_iPhone.storyboard */,
				DA0C0965174177DA0023FC61 /* MainStoryboard_iPad.storyboard */,
			);
			name = Resources;
			sourceTree = "<group>";
		};
		DA317141174DFD0F009C6AA7 /* CSVParser */ = {
			isa = PBXGroup;
			children = (
				DA317142174DFD23009C6AA7 /* CSVParser.h */,
				DA317143174DFD23009C6AA7 /* CSVParser.m */,
			);
			name = CSVParser;
			sourceTree = "<group>";
		};
		DA4A25AD1757787C00E6A2ED /* Task */ = {
			isa = PBXGroup;
			children = (
				DACE18B11741A078004294B9 /* TIConsentViewController.h */,
				DACE18B21741A078004294B9 /* TIConsentViewController.m */,
				DACE18B41741A095004294B9 /* TITaskViewController.h */,
				DACE18B51741A095004294B9 /* TITaskViewController.mm */,
				DACE18B71741A0B1004294B9 /* TIEndTaskViewController.h */,
				DACE18B81741A0B1004294B9 /* TIEndTaskViewController.m */,
			);
			name = Task;
			sourceTree = "<group>";
		};
		DAC22B62175D495400AA6E4E /* Task */ = {
			isa = PBXGroup;
			children = (
				DA31713A174DFA31009C6AA7 /* TITaskManager.h */,
				DA31713B174DFA31009C6AA7 /* TITaskManager.m */,
				DA4A25AA17576F9400E6A2ED /* TIFileManager.h */,
				DA4A25AB17576F9400E6A2ED /* TIFileManager.m */,
			);
			name = Task;
			sourceTree = "<group>";
		};
		DACE18AF17419F8B004294B9 /* iPhone */ = {
			isa = PBXGroup;
			children = (
				DA4A25AD1757787C00E6A2ED /* Task */,
				DACE18C01741A0E3004294B9 /* Settings */,
			);
			name = iPhone;
			sourceTree = "<group>";
		};
		DACE18B01741A01D004294B9 /* iPad */ = {
			isa = PBXGroup;
			children = (
			);
			name = iPad;
			sourceTree = "<group>";
		};
		DACE18C01741A0E3004294B9 /* Settings */ = {
			isa = PBXGroup;
			children = (
				DACE18BA1741A0C7004294B9 /* TISettingsViewController.h */,
				DACE18BB1741A0C7004294B9 /* TISettingsViewController.m */,
				DACE18BD1741A0DD004294B9 /* TITrackListViewController.h */,
				DACE18BE1741A0DD004294B9 /* TITrackListViewController.m */,
				DAC9BF1E1759713E003204DF /* TICueAudioViewController.h */,
				DAC9BF1F1759713E003204DF /* TICueAudioViewController.m */,
				DA1CEF731758ACE500D1BA40 /* TIPostInstructionViewController.h */,
				DA1CEF741758ACE500D1BA40 /* TIPostInstructionViewController.m */,
				DA1CEF761758ACF700D1BA40 /* TIPreInstructionViewController.h */,
				DA1CEF771758ACF700D1BA40 /* TIPreInstructionViewController.m */,
			);
			name = Settings;
			sourceTree = "<group>";
		};
		DACE18C11741A67F004294B9 /* Audio */ = {
			isa = PBXGroup;
			children = (
				DA9B155517516B1800E8B39C /* TIAudio.h */,
				DA9B155617516B1800E8B39C /* TIAudio.mm */,
			);
			name = Audio;
			sourceTree = "<group>";
		};
		DACE18C21741A68B004294B9 /* Ext */ = {
			isa = PBXGroup;
			children = (
				DA317141174DFD0F009C6AA7 /* CSVParser */,
				DACE18C61741A875004294B9 /* Stk */,
				DACE18C31741A7DE004294B9 /* MoMu */,
			);
			name = Ext;
			sourceTree = "<group>";
		};
		DACE18C31741A7DE004294B9 /* MoMu */ = {
			isa = PBXGroup;
			children = (
				DACE18C71741A880004294B9 /* mo_def.h */,
				DACE18C41741A86F004294B9 /* mo_audio.h */,
				DACE18C51741A86F004294B9 /* mo_audio.mm */,
			);
			name = MoMu;
			sourceTree = "<group>";
		};
		DACE18C61741A875004294B9 /* Stk */ = {
			isa = PBXGroup;
			children = (
				DACE18C81741A892004294B9 /* FileRead.cpp */,
				DACE18C91741A892004294B9 /* FileRead.h */,
				DACE18CA1741A892004294B9 /* FileWrite.cpp */,
				DACE18CB1741A892004294B9 /* FileWrite.h */,
				DACE18CC1741A892004294B9 /* FileWvIn.cpp */,
				DACE18CD1741A892004294B9 /* FileWvIn.h */,
				DACE18CE1741A892004294B9 /* FileWvOut.cpp */,
				DACE18CF1741A892004294B9 /* FileWvOut.h */,
				DACE18D01741A892004294B9 /* Stk.h */,
				DACE18D11741A892004294B9 /* Stk.mm */,
				DACE18D21741A892004294B9 /* WvIn.h */,
				DACE18D31741A892004294B9 /* WvOut.h */,
			);
			name = Stk;
			sourceTree = "<group>";
		};
		DACE18DC1741A945004294B9 /* Example */ = {
			isa = PBXGroup;
			children = (
				DAE92B761762B2E200A009C4 /* example_cue.wav */,
				DA317134174DF5DC009C6AA7 /* example01.wav */,
				DA317135174DF5DC009C6AA7 /* example02.wav */,
				DA317136174DF5DC009C6AA7 /* example03.wav */,
			);
			name = Example;
			sourceTree = "<group>";
		};
/* End PBXGroup section */

/* Begin PBXNativeTarget section */
		DA0C0946174177D90023FC61 /* TapIt */ = {
			isa = PBXNativeTarget;
			buildConfigurationList = DA0C096D174177DA0023FC61 /* Build configuration list for PBXNativeTarget "TapIt" */;
			buildPhases = (
				DA0C0943174177D90023FC61 /* Sources */,
				DA0C0944174177D90023FC61 /* Frameworks */,
				DA0C0945174177D90023FC61 /* Resources */,
			);
			buildRules = (
			);
			dependencies = (
			);
			name = TapIt;
			productName = TapIt;
			productReference = DA0C0947174177D90023FC61 /* TapIt.app */;
			productType = "com.apple.product-type.application";
		};
/* End PBXNativeTarget section */

/* Begin PBXProject section */
		DA0C093F174177D90023FC61 /* Project object */ = {
			isa = PBXProject;
			attributes = {
				CLASSPREFIX = TI;
				LastUpgradeCheck = 0460;
				ORGANIZATIONNAME = "Hyung-Suk Kim";
			};
			buildConfigurationList = DA0C0942174177D90023FC61 /* Build configuration list for PBXProject "TapIt" */;
			compatibilityVersion = "Xcode 3.2";
			developmentRegion = English;
			hasScannedForEncodings = 0;
			knownRegions = (
				en,
			);
			mainGroup = DA0C093E174177D90023FC61;
			productRefGroup = DA0C0948174177D90023FC61 /* Products */;
			projectDirPath = "";
			projectRoot = "";
			targets = (
				DA0C0946174177D90023FC61 /* TapIt */,
			);
		};
/* End PBXProject section */

/* Begin PBXResourcesBuildPhase section */
		DA0C0945174177D90023FC61 /* Resources */ = {
			isa = PBXResourcesBuildPhase;
			buildActionMask = 2147483647;
			files = (
				DA0C0955174177DA0023FC61 /* InfoPlist.strings in Resources */,
				DA0C095D174177DA0023FC61 /* Default.png in Resources */,
				DA0C095F174177DA0023FC61 /* Default@2x.png in Resources */,
				DA0C0961174177DA0023FC61 /* Default-568h@2x.png in Resources */,
				DA0C0964174177DA0023FC61 /* MainStoryboard_iPhone.storyboard in Resources */,
				DA0C0967174177DA0023FC61 /* MainStoryboard_iPad.storyboard in Resources */,
				DA317131174DEE8A009C6AA7 /* icon57.png in Resources */,
				DA317133174DEE8D009C6AA7 /* icon114.png in Resources */,
				DA317137174DF5DC009C6AA7 /* example01.wav in Resources */,
				DA317138174DF5DC009C6AA7 /* example02.wav in Resources */,
				DA317139174DF5DC009C6AA7 /* example03.wav in Resources */,
				DAE92B771762B2E200A009C4 /* example_cue.wav in Resources */,
			);
			runOnlyForDeploymentPostprocessing = 0;
		};
/* End PBXResourcesBuildPhase section */

/* Begin PBXSourcesBuildPhase section */
		DA0C0943174177D90023FC61 /* Sources */ = {
			isa = PBXSourcesBuildPhase;
			buildActionMask = 2147483647;
			files = (
				DACE18D41741A8C3004294B9 /* FileRead.cpp in Sources */,
				DACE18D51741A8C3004294B9 /* FileWrite.cpp in Sources */,
				DACE18D61741A8C3004294B9 /* FileWvIn.cpp in Sources */,
				DACE18D71741A8C3004294B9 /* FileWvOut.cpp in Sources */,
				DACE18D81741A8C3004294B9 /* Stk.mm in Sources */,
				DACE18D91741A8C3004294B9 /* mo_audio.mm in Sources */,
				DA0C0957174177DA0023FC61 /* main.m in Sources */,
				DA0C095B174177DA0023FC61 /* TIAppDelegate.m in Sources */,
				DACE18B31741A078004294B9 /* TIConsentViewController.m in Sources */,
				DACE18B61741A095004294B9 /* TITaskViewController.mm in Sources */,
				DACE18B91741A0B1004294B9 /* TIEndTaskViewController.m in Sources */,
				DACE18BC1741A0C7004294B9 /* TISettingsViewController.m in Sources */,
				DACE18BF1741A0DD004294B9 /* TITrackListViewController.m in Sources */,
				DA31713C174DFA31009C6AA7 /* TITaskManager.m in Sources */,
				DA317144174DFD23009C6AA7 /* CSVParser.m in Sources */,
				DA9B155717516B1800E8B39C /* TIAudio.mm in Sources */,
				DA4A25AC17576F9400E6A2ED /* TIFileManager.m in Sources */,
				DA1CEF751758ACE500D1BA40 /* TIPostInstructionViewController.m in Sources */,
				DA1CEF781758ACF700D1BA40 /* TIPreInstructionViewController.m in Sources */,
				DAC9BF201759713E003204DF /* TICueAudioViewController.m in Sources */,
			);
			runOnlyForDeploymentPostprocessing = 0;
		};
/* End PBXSourcesBuildPhase section */

/* Begin PBXVariantGroup section */
		DA0C0953174177DA0023FC61 /* InfoPlist.strings */ = {
			isa = PBXVariantGroup;
			children = (
				DA0C0954174177DA0023FC61 /* en */,
			);
			name = InfoPlist.strings;
			sourceTree = "<group>";
		};
		DA0C0962174177DA0023FC61 /* MainStoryboard_iPhone.storyboard */ = {
			isa = PBXVariantGroup;
			children = (
				DA0C0963174177DA0023FC61 /* en */,
			);
			name = MainStoryboard_iPhone.storyboard;
			sourceTree = "<group>";
		};
		DA0C0965174177DA0023FC61 /* MainStoryboard_iPad.storyboard */ = {
			isa = PBXVariantGroup;
			children = (
				DA0C0966174177DA0023FC61 /* en */,
			);
			name = MainStoryboard_iPad.storyboard;
			sourceTree = "<group>";
		};
/* End PBXVariantGroup section */

/* Begin XCBuildConfiguration section */
		DA0C096B174177DA0023FC61 /* Debug */ = {
			isa = XCBuildConfiguration;
			buildSettings = {
				ALWAYS_SEARCH_USER_PATHS = NO;
				CLANG_CXX_LANGUAGE_STANDARD = "gnu++0x";
				CLANG_CXX_LIBRARY = "libc++";
				CLANG_ENABLE_OBJC_ARC = YES;
				CLANG_WARN_CONSTANT_CONVERSION = YES;
				CLANG_WARN_EMPTY_BODY = YES;
				CLANG_WARN_ENUM_CONVERSION = YES;
				CLANG_WARN_INT_CONVERSION = YES;
				CLANG_WARN__DUPLICATE_METHOD_MATCH = YES;
				"CODE_SIGN_IDENTITY[sdk=iphoneos*]" = "iPhone Developer";
				COPY_PHASE_STRIP = NO;
				GCC_C_LANGUAGE_STANDARD = gnu99;
				GCC_DYNAMIC_NO_PIC = NO;
				GCC_OPTIMIZATION_LEVEL = 0;
				GCC_PREPROCESSOR_DEFINITIONS = (
					"DEBUG=1",
					"$(inherited)",
				);
				GCC_SYMBOLS_PRIVATE_EXTERN = NO;
				GCC_WARN_ABOUT_RETURN_TYPE = YES;
				GCC_WARN_UNINITIALIZED_AUTOS = YES;
				GCC_WARN_UNUSED_VARIABLE = YES;
				IPHONEOS_DEPLOYMENT_TARGET = 6.1;
				ONLY_ACTIVE_ARCH = YES;
				SDKROOT = iphoneos;
				TARGETED_DEVICE_FAMILY = "1,2";
			};
			name = Debug;
		};
		DA0C096C174177DA0023FC61 /* Release */ = {
			isa = XCBuildConfiguration;
			buildSettings = {
				ALWAYS_SEARCH_USER_PATHS = NO;
				CLANG_CXX_LANGUAGE_STANDARD = "gnu++0x";
				CLANG_CXX_LIBRARY = "libc++";
				CLANG_ENABLE_OBJC_ARC = YES;
				CLANG_WARN_CONSTANT_CONVERSION = YES;
				CLANG_WARN_EMPTY_BODY = YES;
				CLANG_WARN_ENUM_CONVERSION = YES;
				CLANG_WARN_INT_CONVERSION = YES;
				CLANG_WARN__DUPLICATE_METHOD_MATCH = YES;
				"CODE_SIGN_IDENTITY[sdk=iphoneos*]" = "iPhone Developer";
				COPY_PHASE_STRIP = YES;
				GCC_C_LANGUAGE_STANDARD = gnu99;
				GCC_WARN_ABOUT_RETURN_TYPE = YES;
				GCC_WARN_UNINITIALIZED_AUTOS = YES;
				GCC_WARN_UNUSED_VARIABLE = YES;
				IPHONEOS_DEPLOYMENT_TARGET = 6.1;
				OTHER_CFLAGS = "-DNS_BLOCK_ASSERTIONS=1";
				SDKROOT = iphoneos;
				TARGETED_DEVICE_FAMILY = "1,2";
				VALIDATE_PRODUCT = YES;
			};
			name = Release;
		};
		DA0C096E174177DA0023FC61 /* Debug */ = {
			isa = XCBuildConfiguration;
			buildSettings = {
				GCC_PRECOMPILE_PREFIX_HEADER = YES;
				GCC_PREFIX_HEADER = "TapIt/TapIt-Prefix.pch";
				INFOPLIST_FILE = "TapIt/TapIt-Info.plist";
				IPHONEOS_DEPLOYMENT_TARGET = 6.1;
				PRODUCT_NAME = "$(TARGET_NAME)";
				TARGETED_DEVICE_FAMILY = 1;
				WRAPPER_EXTENSION = app;
			};
			name = Debug;
		};
		DA0C096F174177DA0023FC61 /* Release */ = {
			isa = XCBuildConfiguration;
			buildSettings = {
				GCC_PRECOMPILE_PREFIX_HEADER = YES;
				GCC_PREFIX_HEADER = "TapIt/TapIt-Prefix.pch";
				INFOPLIST_FILE = "TapIt/TapIt-Info.plist";
				IPHONEOS_DEPLOYMENT_TARGET = 6.1;
				PRODUCT_NAME = "$(TARGET_NAME)";
				TARGETED_DEVICE_FAMILY = 1;
				WRAPPER_EXTENSION = app;
			};
			name = Release;
		};
/* End XCBuildConfiguration section */

/* Begin XCConfigurationList section */
		DA0C0942174177D90023FC61 /* Build configuration list for PBXProject "TapIt" */ = {
			isa = XCConfigurationList;
			buildConfigurations = (
				DA0C096B174177DA0023FC61 /* Debug */,
				DA0C096C174177DA0023FC61 /* Release */,
			);
			defaultConfigurationIsVisible = 0;
			defaultConfigurationName = Release;
		};
		DA0C096D174177DA0023FC61 /* Build configuration list for PBXNativeTarget "TapIt" */ = {
			isa = XCConfigurationList;
			buildConfigurations = (
				DA0C096E174177DA0023FC61 /* Debug */,
				DA0C096F174177DA0023FC61 /* Release */,
			);
			defaultConfigurationIsVisible = 0;
			defaultConfigurationName = Release;
		};
/* End XCConfigurationList section */
	};
	rootObject = DA0C093F174177D90023FC61 /* Project object */;
}
